
Microsoft Visual Studio Solution File, Format Version 12.00
# Visual Studio Version 16
VisualStudioVersion = 16.0.30413.136
MinimumVisualStudioVersion = 10.0.40219.1
Project("{FAE04EC0-301F-11D3-BF4B-00C04F79EFBC}") = "UppgiftPolymorfi", "UppgiftPolymorfi\UppgiftPolymorfi.csproj", "{9E10204A-8CED-48D8-8785-786443C9310D}"
EndProject
Global
	GlobalSection(SolutionConfigurationPlatforms) = preSolution
		Debug|Any CPU = Debug|Any CPU
		Release|Any CPU = Release|Any CPU
	EndGlobalSection
	GlobalSection(ProjectConfigurationPlatforms) = postSolution
		{9E10204A-8CED-48D8-8785-786443C9310D}.Debug|Any CPU.ActiveCfg = Debug|Any CPU
		{9E10204A-8CED-48D8-8785-786443C9310D}.Debug|Any CPU.Build.0 = Debug|Any CPU
		{9E10204A-8CED-48D8-8785-786443C9310D}.Release|Any CPU.ActiveCfg = Release|Any CPU
		{9E10204A-8CED-48D8-8785-786443C9310D}.Release|Any CPU.Build.0 = Release|Any CPU
	EndGlobalSection
	GlobalSection(SolutionProperties) = preSolution
		HideSolutionNode = FALSE
	EndGlobalSection
	GlobalSection(ExtensibilityGlobals) = postSolution
		SolutionGuid = {5642FF69-462E-4DD3-9D18-CD6E4E064D92}
	EndGlobalSection
EndGlobal
