
Microsoft Visual Studio Solution File, Format Version 12.00
# Visual Studio Version 16
VisualStudioVersion = 16.0.30717.126
MinimumVisualStudioVersion = 10.0.40219.1
Project("{FAE04EC0-301F-11D3-BF4B-00C04F79EFBC}") = "Calculator", "Calculator\Calculator.csproj", "{47C7EF97-2B43-40AE-9D5C-C696F6486E39}"
EndProject
Global
	GlobalSection(SolutionConfigurationPlatforms) = preSolution
		Debug|Any CPU = Debug|Any CPU
		Release|Any CPU = Release|Any CPU
	EndGlobalSection
	GlobalSection(ProjectConfigurationPlatforms) = postSolution
		{47C7EF97-2B43-40AE-9D5C-C696F6486E39}.Debug|Any CPU.ActiveCfg = Debug|Any CPU
		{47C7EF97-2B43-40AE-9D5C-C696F6486E39}.Debug|Any CPU.Build.0 = Debug|Any CPU
		{47C7EF97-2B43-40AE-9D5C-C696F6486E39}.Release|Any CPU.ActiveCfg = Release|Any CPU
		{47C7EF97-2B43-40AE-9D5C-C696F6486E39}.Release|Any CPU.Build.0 = Release|Any CPU
	EndGlobalSection
	GlobalSection(SolutionProperties) = preSolution
		HideSolutionNode = FALSE
	EndGlobalSection
	GlobalSection(ExtensibilityGlobals) = postSolution
		SolutionGuid = {D1E94EED-529F-4AC3-B216-B3854F67703F}
	EndGlobalSection
EndGlobal
